{
  "name": "coding-practice",
  "version": "1.0.0",
  "lockfileVersion": 1,
  "requires": true,
  "dependencies": {
    "@cspotcode/source-map-support": {
      "version": "0.8.1",
      "resolved": "https://artifactory.dev.visier.network:443/api/npm/npm-virtual/@cspotcode/source-map-support/-/source-map-support-0.8.1.tgz",
      "integrity": "sha1-AGKcNaaI4FqIsc2mhPudXnPwAKE=",
      "dev": true,
      "requires": {
        "@jridgewell/trace-mapping": "0.3.9"
      }
    },
    "@jridgewell/resolve-uri": {
      "version": "3.1.0",
      "resolved": "https://artifactory.dev.visier.network:443/api/npm/npm-virtual/@jridgewell/resolve-uri/-/resolve-uri-3.1.0.tgz",
      "integrity": "sha1-IgOxGMFXchrd/mnUe3BGVGMGbXg=",
      "dev": true
    },
    "@jridgewell/sourcemap-codec": {
      "version": "1.4.14",
      "resolved": "https://artifactory.dev.visier.network:443/api/npm/npm-virtual/@jridgewell/sourcemap-codec/-/sourcemap-codec-1.4.14.tgz",
      "integrity": "sha1-rdTJjTQUcqKJGQtCTvvbCWmRuyQ=",
      "dev": true
    },
    "@jridgewell/trace-mapping": {
      "version": "0.3.9",
      "resolved": "https://artifactory.dev.visier.network:443/api/npm/npm-virtual/@jridgewell/trace-mapping/-/trace-mapping-0.3.9.tgz",
      "integrity": "sha1-ZTT9WTOlO6fL86F2FeJzoNEnP/k=",
      "dev": true,
      "requires": {
        "@jridgewell/resolve-uri": "^3.0.3",
        "@jridgewell/sourcemap-codec": "^1.4.10"
      }
    },
    "@tsconfig/node10": {
      "version": "1.0.9",
      "resolved": "https://artifactory.dev.visier.network:443/api/npm/npm-virtual/@tsconfig/node10/-/node10-1.0.9.tgz",
      "integrity": "sha1-30kH/AeohpImN7FeAtTOvEwAIbI=",
      "dev": true
    },
    "@tsconfig/node12": {
      "version": "1.0.11",
      "resolved": "https://artifactory.dev.visier.network:443/api/npm/npm-virtual/@tsconfig/node12/-/node12-1.0.11.tgz",
      "integrity": "sha1-7j3vHyfZ7WbaxuRqKVz/sBUuBY0=",
      "dev": true
    },
    "@tsconfig/node14": {
      "version": "1.0.3",
      "resolved": "https://artifactory.dev.visier.network:443/api/npm/npm-virtual/@tsconfig/node14/-/node14-1.0.3.tgz",
      "integrity": "sha1-5DhjFihPALmENb9A9y91oJ2r9sE=",
      "dev": true
    },
    "@tsconfig/node16": {
      "version": "1.0.3",
      "resolved": "https://artifactory.dev.visier.network:443/api/npm/npm-virtual/@tsconfig/node16/-/node16-1.0.3.tgz",
      "integrity": "sha1-Ry6qtfFcH/3X+GKL1MT3U5lex54=",
      "dev": true
    },
    "@types/jasmine": {
      "version": "4.3.0",
      "resolved": "https://artifactory.dev.visier.network:443/api/npm/npm-virtual/@types/jasmine/-/jasmine-4.3.0.tgz",
      "integrity": "sha1-Hf37ImggkRrdsbWpAxQivnLFOqw=",
      "dev": true
    },
    "@types/node": {
      "version": "18.7.14",
      "resolved": "https://artifactory.dev.visier.network:443/api/npm/npm-virtual/@types/node/-/node-18.7.14.tgz",
      "integrity": "sha1-D+CBdSozMzktAFhtgVSFoXws88k=",
      "dev": true
    },
    "acorn": {
      "version": "8.8.0",
      "resolved": "https://artifactory.dev.visier.network:443/api/npm/npm-virtual/acorn/-/acorn-8.8.0.tgz",
      "integrity": "sha1-iMAYdiBDXH9gFYA/VTna4Fqdvqg=",
      "dev": true
    },
    "acorn-walk": {
      "version": "8.2.0",
      "resolved": "https://artifactory.dev.visier.network:443/api/npm/npm-virtual/acorn-walk/-/acorn-walk-8.2.0.tgz",
      "integrity": "sha1-dBIQ8uJCZFRQiFOi9E0KuDt/acE=",
      "dev": true
    },
    "arg": {
      "version": "4.1.3",
      "resolved": "https://artifactory.dev.visier.network:443/api/npm/npm-virtual/arg/-/arg-4.1.3.tgz",
      "integrity": "sha1-Jp/HrVuOQstjyJbVZmAXJhwUQIk=",
      "dev": true
    },
    "balanced-match": {
      "version": "1.0.2",
      "resolved": "https://artifactory.dev.visier.network:443/api/npm/npm-virtual/balanced-match/-/balanced-match-1.0.2.tgz",
      "integrity": "sha1-6D46fj8wCzTLnYf2FfoMvzV2kO4=",
      "dev": true
    },
    "brace-expansion": {
      "version": "1.1.11",
      "resolved": "https://artifactory.dev.visier.network:443/api/npm/npm-virtual/brace-expansion/-/brace-expansion-1.1.11.tgz",
      "integrity": "sha1-PH/L9SnYcibz0vUrlm/1Jx60Qd0=",
      "dev": true,
      "requires": {
        "balanced-match": "^1.0.0",
        "concat-map": "0.0.1"
      }
    },
    "concat-map": {
      "version": "0.0.1",
      "resolved": "https://artifactory.dev.visier.network:443/api/npm/npm-virtual/concat-map/-/concat-map-0.0.1.tgz",
      "integrity": "sha1-2Klr13/Wjfd5OnMDajug1UBdR3s=",
      "dev": true
    },
    "create-require": {
      "version": "1.1.1",
      "resolved": "https://artifactory.dev.visier.network:443/api/npm/npm-virtual/create-require/-/create-require-1.1.1.tgz",
      "integrity": "sha1-wdfo8eX2z8n/ZfnNNS03NIdWwzM=",
      "dev": true
    },
    "diff": {
      "version": "4.0.2",
      "resolved": "https://artifactory.dev.visier.network:443/api/npm/npm-virtual/diff/-/diff-4.0.2.tgz",
      "integrity": "sha1-YPOuy4nV+uUgwRqhnvwruYKq3n0=",
      "dev": true
    },
    "fs.realpath": {
      "version": "1.0.0",
      "resolved": "https://artifactory.dev.visier.network:443/api/npm/npm-virtual/fs.realpath/-/fs.realpath-1.0.0.tgz",
      "integrity": "sha1-FQStJSMVjKpA20onh8sBQRmU6k8=",
      "dev": true
    },
    "glob": {
      "version": "7.2.3",
      "resolved": "https://artifactory.dev.visier.network:443/api/npm/npm-virtual/glob/-/glob-7.2.3.tgz",
      "integrity": "sha1-uN8PuAK7+o6JvR2Ti04WV47UTys=",
      "dev": true,
      "requires": {
        "fs.realpath": "^1.0.0",
        "inflight": "^1.0.4",
        "inherits": "2",
        "minimatch": "^3.1.1",
        "once": "^1.3.0",
        "path-is-absolute": "^1.0.0"
      }
    },
    "inflight": {
      "version": "1.0.6",
      "resolved": "https://artifactory.dev.visier.network:443/api/npm/npm-virtual/inflight/-/inflight-1.0.6.tgz",
      "integrity": "sha1-Sb1jMdfQLQwJvJEKEHW6gWW1bfk=",
      "dev": true,
      "requires": {
        "once": "^1.3.0",
        "wrappy": "1"
      }
    },
    "inherits": {
      "version": "2.0.4",
      "resolved": "https://artifactory.dev.visier.network:443/api/npm/npm-virtual/inherits/-/inherits-2.0.4.tgz",
      "integrity": "sha1-D6LGT5MpF8NDOg3tVTY6rjdBa3w=",
      "dev": true
    },
    "jasmine": {
      "version": "4.4.0",
      "resolved": "https://artifactory.dev.visier.network:443/api/npm/npm-virtual/jasmine/-/jasmine-4.4.0.tgz",
      "integrity": "sha1-4+NZcj2WeZk7cN4+BEFRfBVLlkc=",
      "dev": true,
      "requires": {
        "glob": "^7.1.6",
        "jasmine-core": "^4.4.0"
      }
    },
    "jasmine-core": {
      "version": "4.4.0",
      "resolved": "https://artifactory.dev.visier.network:443/api/npm/npm-virtual/jasmine-core/-/jasmine-core-4.4.0.tgz",
      "integrity": "sha1-hI/kXBg5ysrx8kKdQA0dT4XShWo=",
      "dev": true
    },
    "make-error": {
      "version": "1.3.6",
      "resolved": "https://artifactory.dev.visier.network:443/api/npm/npm-virtual/make-error/-/make-error-1.3.6.tgz",
      "integrity": "sha1-LrLjfqm2fEiR9oShOUeZr0hM96I=",
      "dev": true
    },
    "minimatch": {
      "version": "3.1.2",
      "resolved": "https://artifactory.dev.visier.network:443/api/npm/npm-virtual/minimatch/-/minimatch-3.1.2.tgz",
      "integrity": "sha1-Gc0ZS/0+Qo8EmnCBfAONiatL41s=",
      "dev": true,
      "requires": {
        "brace-expansion": "^1.1.7"
      }
    },
    "once": {
      "version": "1.4.0",
      "resolved": "https://artifactory.dev.visier.network:443/api/npm/npm-virtual/once/-/once-1.4.0.tgz",
      "integrity": "sha1-WDsap3WWHUsROsF9nFC6753Xa9E=",
      "dev": true,
      "requires": {
        "wrappy": "1"
      }
    },
    "path-is-absolute": {
      "version": "1.0.1",
      "resolved": "https://artifactory.dev.visier.network:443/api/npm/npm-virtual/path-is-absolute/-/path-is-absolute-1.0.1.tgz",
      "integrity": "sha1-F0uSaHNVNP+8es5r9TpanhtcX18=",
      "dev": true
    },
    "ts-node": {
      "version": "10.9.1",
      "resolved": "https://artifactory.dev.visier.network:443/api/npm/npm-virtual/ts-node/-/ts-node-10.9.1.tgz",
      "integrity": "sha1-5z3pEClYr54fCxaKb/Mg4lrc/0s=",
      "dev": true,
      "requires": {
        "@cspotcode/source-map-support": "^0.8.0",
        "@tsconfig/node10": "^1.0.7",
        "@tsconfig/node12": "^1.0.7",
        "@tsconfig/node14": "^1.0.0",
        "@tsconfig/node16": "^1.0.2",
        "acorn": "^8.4.1",
        "acorn-walk": "^8.1.1",
        "arg": "^4.1.0",
        "create-require": "^1.1.0",
        "diff": "^4.0.1",
        "make-error": "^1.1.1",
        "v8-compile-cache-lib": "^3.0.1",
        "yn": "3.1.1"
      }
    },
    "typescript": {
      "version": "4.8.2",
      "resolved": "https://artifactory.dev.visier.network:443/api/npm/npm-virtual/typescript/-/typescript-4.8.2.tgz",
      "integrity": "sha1-47M9XM+1kU5O6rZpnPIIre4/15A=",
      "dev": true
    },
    "v8-compile-cache-lib": {
      "version": "3.0.1",
      "resolved": "https://artifactory.dev.visier.network:443/api/npm/npm-virtual/v8-compile-cache-lib/-/v8-compile-cache-lib-3.0.1.tgz",
      "integrity": "sha1-Yzbo1xllyz01obu3hoRFp8BSZL8=",
      "dev": true
    },
    "wrappy": {
      "version": "1.0.2",
      "resolved": "https://artifactory.dev.visier.network:443/api/npm/npm-virtual/wrappy/-/wrappy-1.0.2.tgz",
      "integrity": "sha1-tSQ9jz7BqjXxNkYFvA0QNuMKtp8=",
      "dev": true
    },
    "yn": {
      "version": "3.1.1",
      "resolved": "https://artifactory.dev.visier.network:443/api/npm/npm-virtual/yn/-/yn-3.1.1.tgz",
      "integrity": "sha1-HodAGgnXZ8HV6rJqbkwYUYLS61A=",
      "dev": true
    }
  }
}
